// !$*UTF8*$!
{
	archiveVersion = 1;
	classes = {
	};
	objectVersion = 50;
	objects = {

/* Begin PBXBuildFile section */
		79091C1E209736AD00B7373E /* AppDelegate.swift in Sources */ = {isa = PBXBuildFile; fileRef = 79091C1D209736AD00B7373E /* AppDelegate.swift */; };
		79091C20209736AD00B7373E /* ViewController.swift in Sources */ = {isa = PBXBuildFile; fileRef = 79091C1F209736AD00B7373E /* ViewController.swift */; };
		79091C23209736AD00B7373E /* Main.storyboard in Resources */ = {isa = PBXBuildFile; fileRef = 79091C21209736AD00B7373E /* Main.storyboard */; };
		79091C25209736AF00B7373E /* Assets.xcassets in Resources */ = {isa = PBXBuildFile; fileRef = 79091C24209736AF00B7373E /* Assets.xcassets */; };
		79091C28209736AF00B7373E /* LaunchScreen.storyboard in Resources */ = {isa = PBXBuildFile; fileRef = 79091C26209736AF00B7373E /* LaunchScreen.storyboard */; };
		79091C302097393200B7373E /* AddViewController.swift in Sources */ = {isa = PBXBuildFile; fileRef = 79091C2F2097393200B7373E /* AddViewController.swift */; };
		79091C3220973B6D00B7373E /* Constants.swift in Sources */ = {isa = PBXBuildFile; fileRef = 79091C3120973B6D00B7373E /* Constants.swift */; };
/* End PBXBuildFile section */

/* Begin PBXFileReference section */
		79091C1A209736AD00B7373E /* Shopping List App.app */ = {isa = PBXFileReference; explicitFileType = wrapper.application; includeInIndex = 0; path = "Shopping List App.app"; sourceTree = BUILT_PRODUCTS_DIR; };
		79091C1D209736AD00B7373E /* AppDelegate.swift */ = {isa = PBXFileReference; lastKnownFileType = sourcecode.swift; path = AppDelegate.swift; sourceTree = "<group>"; };
		79091C1F209736AD00B7373E /* ViewController.swift */ = {isa = PBXFileReference; lastKnownFileType = sourcecode.swift; path = ViewController.swift; sourceTree = "<group>"; };
		79091C22209736AD00B7373E /* Base */ = {isa = PBXFileReference; lastKnownFileType = file.storyboard; name = Base; path = Base.lproj/Main.storyboard; sourceTree = "<group>"; };
		79091C24209736AF00B7373E /* Assets.xcassets */ = {isa = PBXFileReference; lastKnownFileType = folder.assetcatalog; path = Assets.xcassets; sourceTree = "<group>"; };
		79091C27209736AF00B7373E /* Base */ = {isa = PBXFileReference; lastKnownFileType = file.storyboard; name = Base; path = Base.lproj/LaunchScreen.storyboard; sourceTree = "<group>"; };
		79091C29209736AF00B7373E /* Info.plist */ = {isa = PBXFileReference; lastKnownFileType = text.plist.xml; path = Info.plist; sourceTree = "<group>"; };
		79091C2F2097393200B7373E /* AddViewController.swift */ = {isa = PBXFileReference; lastKnownFileType = sourcecode.swift; path = AddViewController.swift; sourceTree = "<group>"; };
		79091C3120973B6D00B7373E /* Constants.swift */ = {isa = PBXFileReference; lastKnownFileType = sourcecode.swift; path = Constants.swift; sourceTree = "<group>"; };
/* End PBXFileReference section */

/* Begin PBXFrameworksBuildPhase section */
		79091C17209736AD00B7373E /* Frameworks */ = {
			isa = PBXFrameworksBuildPhase;
			buildActionMask = 2147483647;
			files = (
			);
			runOnlyForDeploymentPostprocessing = 0;
		};
/* End PBXFrameworksBuildPhase section */

/* Begin PBXGroup section */
		79091C11209736AC00B7373E = {
			isa = PBXGroup;
			children = (
				79091C1C209736AD00B7373E /* Shopping List App */,
				79091C1B209736AD00B7373E /* Products */,
			);
			sourceTree = "<group>";
		};
		79091C1B209736AD00B7373E /* Products */ = {
			isa = PBXGroup;
			children = (
				79091C1A209736AD00B7373E /* Shopping List App.app */,
			);
			name = Products;
			sourceTree = "<group>";
		};
		79091C1C209736AD00B7373E /* Shopping List App */ = {
			isa = PBXGroup;
			children = (
				79091C1D209736AD00B7373E /* AppDelegate.swift */,
				79091C1F209736AD00B7373E /* ViewController.swift */,
				79091C2F2097393200B7373E /* AddViewController.swift */,
				79091C21209736AD00B7373E /* Main.storyboard */,
				79091C24209736AF00B7373E /* Assets.xcassets */,
				79091C26209736AF00B7373E /* LaunchScreen.storyboard */,
				79091C29209736AF00B7373E /* Info.plist */,
				79091C3120973B6D00B7373E /* Constants.swift */,
			);
			path = "Shopping List App";
			sourceTree = "<group>";
		};
/* End PBXGroup section */

/* Begin PBXNativeTarget section */
		79091C19209736AD00B7373E /* Shopping List App */ = {
			isa = PBXNativeTarget;
			buildConfigurationList = 79091C2C209736AF00B7373E /* Build configuration list for PBXNativeTarget "Shopping List App" */;
			buildPhases = (
				79091C16209736AD00B7373E /* Sources */,
				79091C17209736AD00B7373E /* Frameworks */,
				79091C18209736AD00B7373E /* Resources */,
			);
			buildRules = (
			);
			dependencies = (
			);
			name = "Shopping List App";
			productName = "Shopping List App";
			productReference = 79091C1A209736AD00B7373E /* Shopping List App.app */;
			productType = "com.apple.product-type.application";
		};
/* End PBXNativeTarget section */

/* Begin PBXProject section */
		79091C12209736AC00B7373E /* Project object */ = {
			isa = PBXProject;
			attributes = {
				LastSwiftUpdateCheck = 0930;
				LastUpgradeCheck = 0930;
				ORGANIZATIONNAME = "Neal Goyal";
				TargetAttributes = {
					79091C19209736AD00B7373E = {
						CreatedOnToolsVersion = 9.3;
					};
				};
			};
			buildConfigurationList = 79091C15209736AD00B7373E /* Build configuration list for PBXProject "Shopping List App" */;
			compatibilityVersion = "Xcode 9.3";
			developmentRegion = en;
			hasScannedForEncodings = 0;
			knownRegions = (
				en,
				Base,
			);
			mainGroup = 79091C11209736AC00B7373E;
			productRefGroup = 79091C1B209736AD00B7373E /* Products */;
			projectDirPath = "";
			projectRoot = "";
			targets = (
				79091C19209736AD00B7373E /* Shopping List App */,
			);
		};
/* End PBXProject section */

/* Begin PBXResourcesBuildPhase section */
		79091C18209736AD00B7373E /* Resources */ = {
			isa = PBXResourcesBuildPhase;
			buildActionMask = 2147483647;
			files = (
				79091C28209736AF00B7373E /* LaunchScreen.storyboard in Resources */,
				79091C25209736AF00B7373E /* Assets.xcassets in Resources */,
				79091C23209736AD00B7373E /* Main.storyboard in Resources */,
			);
			runOnlyForDeploymentPostprocessing = 0;
		};
/* End PBXResourcesBuildPhase section */

/* Begin PBXSourcesBuildPhase section */
		79091C16209736AD00B7373E /* Sources */ = {
			isa = PBXSourcesBuildPhase;
			buildActionMask = 2147483647;
			files = (
				79091C20209736AD00B7373E /* ViewController.swift in Sources */,
				79091C1E209736AD00B7373E /* AppDelegate.swift in Sources */,
				79091C302097393200B7373E /* AddViewController.swift in Sources */,
				79091C3220973B6D00B7373E /* Constants.swift in Sources */,
			);
			runOnlyForDeploymentPostprocessing = 0;
		};
/* End PBXSourcesBuildPhase section */

/* Begin PBXVariantGroup section */
		79091C21209736AD00B7373E /* Main.storyboard */ = {
			isa = PBXVariantGroup;
			children = (
				79091C22209736AD00B7373E /* Base */,
			);
			name = Main.storyboard;
			sourceTree = "<group>";
		};
		79091C26209736AF00B7373E /* LaunchScreen.storyboard */ = {
			isa = PBXVariantGroup;
			children = (
				79091C27209736AF00B7373E /* Base */,
			);
			name = LaunchScreen.storyboard;
			sourceTree = "<group>";
		};
/* End PBXVariantGroup section */

/* Begin XCBuildConfiguration section */
		79091C2A209736AF00B7373E /* Debug */ = {
			isa = XCBuildConfiguration;
			buildSettings = {
				ALWAYS_SEARCH_USER_PATHS = NO;
				CLANG_ANALYZER_NONNULL = YES;
				CLANG_ANALYZER_NUMBER_OBJECT_CONVERSION = YES_AGGRESSIVE;
				CLANG_CXX_LANGUAGE_STANDARD = "gnu++14";
				CLANG_CXX_LIBRARY = "libc++";
				CLANG_ENABLE_MODULES = YES;
				CLANG_ENABLE_OBJC_ARC = YES;
				CLANG_ENABLE_OBJC_WEAK = YES;
				CLANG_WARN_BLOCK_CAPTURE_AUTORELEASING = YES;
				CLANG_WARN_BOOL_CONVERSION = YES;
				CLANG_WARN_COMMA = YES;
				CLANG_WARN_CONSTANT_CONVERSION = YES;
				CLANG_WARN_DEPRECATED_OBJC_IMPLEMENTATIONS = YES;
				CLANG_WARN_DIRECT_OBJC_ISA_USAGE = YES_ERROR;
				CLANG_WARN_DOCUMENTATION_COMMENTS = YES;
				CLANG_WARN_EMPTY_BODY = YES;
				CLANG_WARN_ENUM_CONVERSION = YES;
				CLANG_WARN_INFINITE_RECURSION = YES;
				CLANG_WARN_INT_CONVERSION = YES;
				CLANG_WARN_NON_LITERAL_NULL_CONVERSION = YES;
				CLANG_WARN_OBJC_IMPLICIT_RETAIN_SELF = YES;
				CLANG_WARN_OBJC_LITERAL_CONVERSION = YES;
				CLANG_WARN_OBJC_ROOT_CLASS = YES_ERROR;
				CLANG_WARN_RANGE_LOOP_ANALYSIS = YES;
				CLANG_WARN_STRICT_PROTOTYPES = YES;
				CLANG_WARN_SUSPICIOUS_MOVE = YES;
				CLANG_WARN_UNGUARDED_AVAILABILITY = YES_AGGRESSIVE;
				CLANG_WARN_UNREACHABLE_CODE = YES;
				CLANG_WARN__DUPLICATE_METHOD_MATCH = YES;
				CODE_SIGN_IDENTITY = "iPhone Developer";
				COPY_PHASE_STRIP = NO;
				DEBUG_INFORMATION_FORMAT = dwarf;
				ENABLE_STRICT_OBJC_MSGSEND = YES;
				ENABLE_TESTABILITY = YES;
				GCC_C_LANGUAGE_STANDARD = gnu11;
				GCC_DYNAMIC_NO_PIC = NO;
				GCC_NO_COMMON_BLOCKS = YES;
				GCC_OPTIMIZATION_LEVEL = 0;
				GCC_PREPROCESSOR_DEFINITIONS = (
					"DEBUG=1",
					"$(inherited)",
				);
				GCC_WARN_64_TO_32_BIT_CONVERSION = YES;
				GCC_WARN_ABOUT_RETURN_TYPE = YES_ERROR;
				GCC_WARN_UNDECLARED_SELECTOR = YES;
				GCC_WARN_UNINITIALIZED_AUTOS = YES_AGGRESSIVE;
				GCC_WARN_UNUSED_FUNCTION = YES;
				GCC_WARN_UNUSED_VARIABLE = YES;
				IPHONEOS_DEPLOYMENT_TARGET = 11.3;
				MTL_ENABLE_DEBUG_INFO = YES;
				ONLY_ACTIVE_ARCH = YES;
				SDKROOT = iphoneos;
				SWIFT_ACTIVE_COMPILATION_CONDITIONS = DEBUG;
				SWIFT_OPTIMIZATION_LEVEL = "-Onone";
			};
			name = Debug;
		};
		79091C2B209736AF00B7373E /* Release */ = {
			isa = XCBuildConfiguration;
			buildSettings = {
				ALWAYS_SEARCH_USER_PATHS = NO;
				CLANG_ANALYZER_NONNULL = YES;
				CLANG_ANALYZER_NUMBER_OBJECT_CONVERSION = YES_AGGRESSIVE;
				CLANG_CXX_LANGUAGE_STANDARD = "gnu++14";
				CLANG_CXX_LIBRARY = "libc++";
				CLANG_ENABLE_MODULES = YES;
				CLANG_ENABLE_OBJC_ARC = YES;
				CLANG_ENABLE_OBJC_WEAK = YES;
				CLANG_WARN_BLOCK_CAPTURE_AUTORELEASING = YES;
				CLANG_WARN_BOOL_CONVERSION = YES;
				CLANG_WARN_COMMA = YES;
				CLANG_WARN_CONSTANT_CONVERSION = YES;
				CLANG_WARN_DEPRECATED_OBJC_IMPLEMENTATIONS = YES;
				CLANG_WARN_DIRECT_OBJC_ISA_USAGE = YES_ERROR;
				CLANG_WARN_DOCUMENTATION_COMMENTS = YES;
				CLANG_WARN_EMPTY_BODY = YES;
				CLANG_WARN_ENUM_CONVERSION = YES;
				CLANG_WARN_INFINITE_RECURSION = YES;
				CLANG_WARN_INT_CONVERSION = YES;
				CLANG_WARN_NON_LITERAL_NULL_CONVERSION = YES;
				CLANG_WARN_OBJC_IMPLICIT_RETAIN_SELF = YES;
				CLANG_WARN_OBJC_LITERAL_CONVERSION = YES;
				CLANG_WARN_OBJC_ROOT_CLASS = YES_ERROR;
				CLANG_WARN_RANGE_LOOP_ANALYSIS = YES;
				CLANG_WARN_STRICT_PROTOTYPES = YES;
				CLANG_WARN_SUSPICIOUS_MOVE = YES;
				CLANG_WARN_UNGUARDED_AVAILABILITY = YES_AGGRESSIVE;
				CLANG_WARN_UNREACHABLE_CODE = YES;
				CLANG_WARN__DUPLICATE_METHOD_MATCH = YES;
				CODE_SIGN_IDENTITY = "iPhone Developer";
				COPY_PHASE_STRIP = NO;
				DEBUG_INFORMATION_FORMAT = "dwarf-with-dsym";
				ENABLE_NS_ASSERTIONS = NO;
				ENABLE_STRICT_OBJC_MSGSEND = YES;
				GCC_C_LANGUAGE_STANDARD = gnu11;
				GCC_NO_COMMON_BLOCKS = YES;
				GCC_WARN_64_TO_32_BIT_CONVERSION = YES;
				GCC_WARN_ABOUT_RETURN_TYPE = YES_ERROR;
				GCC_WARN_UNDECLARED_SELECTOR = YES;
				GCC_WARN_UNINITIALIZED_AUTOS = YES_AGGRESSIVE;
				GCC_WARN_UNUSED_FUNCTION = YES;
				GCC_WARN_UNUSED_VARIABLE = YES;
				IPHONEOS_DEPLOYMENT_TARGET = 11.3;
				MTL_ENABLE_DEBUG_INFO = NO;
				SDKROOT = iphoneos;
				SWIFT_COMPILATION_MODE = wholemodule;
				SWIFT_OPTIMIZATION_LEVEL = "-O";
				VALIDATE_PRODUCT = YES;
			};
			name = Release;
		};
		79091C2D209736AF00B7373E /* Debug */ = {
			isa = XCBuildConfiguration;
			buildSettings = {
				ASSETCATALOG_COMPILER_APPICON_NAME = AppIcon;
				CODE_SIGN_STYLE = Automatic;
				DEVELOPMENT_TEAM = VE2UR4S7KZ;
				INFOPLIST_FILE = "Shopping List App/Info.plist";
				LD_RUNPATH_SEARCH_PATHS = (
					"$(inherited)",
					"@executable_path/Frameworks",
				);
				PRODUCT_BUNDLE_IDENTIFIER = "net.nealgoyal.Shopping-List-App";
				PRODUCT_NAME = "$(TARGET_NAME)";
				SWIFT_VERSION = 4.0;
				TARGETED_DEVICE_FAMILY = 1;
			};
			name = Debug;
		};
		79091C2E209736AF00B7373E /* Release */ = {
			isa = XCBuildConfiguration;
			buildSettings = {
				ASSETCATALOG_COMPILER_APPICON_NAME = AppIcon;
				CODE_SIGN_STYLE = Automatic;
				DEVELOPMENT_TEAM = VE2UR4S7KZ;
				INFOPLIST_FILE = "Shopping List App/Info.plist";
				LD_RUNPATH_SEARCH_PATHS = (
					"$(inherited)",
					"@executable_path/Frameworks",
				);
				PRODUCT_BUNDLE_IDENTIFIER = "net.nealgoyal.Shopping-List-App";
				PRODUCT_NAME = "$(TARGET_NAME)";
				SWIFT_VERSION = 4.0;
				TARGETED_DEVICE_FAMILY = 1;
			};
			name = Release;
		};
/* End XCBuildConfiguration section */

/* Begin XCConfigurationList section */
		79091C15209736AD00B7373E /* Build configuration list for PBXProject "Shopping List App" */ = {
			isa = XCConfigurationList;
			buildConfigurations = (
				79091C2A209736AF00B7373E /* Debug */,
				79091C2B209736AF00B7373E /* Release */,
			);
			defaultConfigurationIsVisible = 0;
			defaultConfigurationName = Release;
		};
		79091C2C209736AF00B7373E /* Build configuration list for PBXNativeTarget "Shopping List App" */ = {
			isa = XCConfigurationList;
			buildConfigurations = (
				79091C2D209736AF00B7373E /* Debug */,
				79091C2E209736AF00B7373E /* Release */,
			);
			defaultConfigurationIsVisible = 0;
			defaultConfigurationName = Release;
		};
/* End XCConfigurationList section */
	};
	rootObject = 79091C12209736AC00B7373E /* Project object */;
}
